
Microsoft Visual Studio Solution File, Format Version 12.00
# Visual Studio Version 17
VisualStudioVersion = 17.5.33530.505
MinimumVisualStudioVersion = 10.0.40219.1
Project("{9A19103F-16F7-4668-BE54-9A1E7A4F7556}") = "Reader", "Reader\Reader.csproj", "{14585C85-3769-44B3-BF19-86DB61A473F0}"
EndProject
Global
	GlobalSection(SolutionConfigurationPlatforms) = preSolution
		Debug|Any CPU = Debug|Any CPU
		Release|Any CPU = Release|Any CPU
	EndGlobalSection
	GlobalSection(ProjectConfigurationPlatforms) = postSolution
		{14585C85-3769-44B3-BF19-86DB61A473F0}.Debug|Any CPU.ActiveCfg = Debug|Any CPU
		{14585C85-3769-44B3-BF19-86DB61A473F0}.Debug|Any CPU.Build.0 = Debug|Any CPU
		{14585C85-3769-44B3-BF19-86DB61A473F0}.Release|Any CPU.ActiveCfg = Release|Any CPU
		{14585C85-3769-44B3-BF19-86DB61A473F0}.Release|Any CPU.Build.0 = Release|Any CPU
	EndGlobalSection
	GlobalSection(SolutionProperties) = preSolution
		HideSolutionNode = FALSE
	EndGlobalSection
	GlobalSection(ExtensibilityGlobals) = postSolution
		SolutionGuid = {E02EBC21-24AA-41A5-8F36-68FCDDEB055B}
	EndGlobalSection
EndGlobal
